<?xml version="1.0" encoding="utf-8"?>
<Project ToolsVersion="4.0" xmlns="http://schemas.microsoft.com/developer/msbuild/2003">
  <ItemGroup>
    <Filter Include="Исходные файлы">
      <UniqueIdentifier>{4FC737F1-C7A5-4376-A066-2A32D752A2FF}</UniqueIdentifier>
      <Extensions>cpp;c;cc;cxx;c++;cppm;ixx;def;odl;idl;hpj;bat;asm;asmx</Extensions>
    </Filter>
    <Filter Include="Файлы заголовков">
      <UniqueIdentifier>{93995380-89BD-4b04-88EB-625FBE52EBFB}</UniqueIdentifier>
      <Extensions>h;hh;hpp;hxx;h++;hm;inl;inc;ipp;xsd</Extensions>
    </Filter>
    <Filter Include="Файлы ресурсов">
      <UniqueIdentifier>{67DA6AB6-F800-4c08-8B7A-83BB121AAD01}</UniqueIdentifier>
      <Extensions>rc;ico;cur;bmp;dlg;rc2;rct;bin;rgs;gif;jpg;jpeg;jpe;resx;tiff;tif;png;wav;mfcribbon-ms</Extensions>
    </Filter>
  </ItemGroup>
  <ItemGroup>
    <ClCompile Include="main.cpp">
      <Filter>Исходные файлы</Filter>
    </ClCompile>
    <ClCompile Include="agents\BaseAgent.cpp">
      <Filter>Исходные файлы</Filter>
    </ClCompile>
    <ClCompile Include="agents\BrakeAgent.cpp">
      <Filter>Исходные файлы</Filter>
    </ClCompile>
    <ClCompile Include="agents\ChassisAgent.cpp">
      <Filter>Исходные файлы</Filter>
    </ClCompile>
    <ClCompile Include="agents\CoolingAgent.cpp">
      <Filter>Исходные файлы</Filter>
    </ClCompile>
    <ClCompile Include="agents\CoordinatorAgent.cpp">
      <Filter>Исходные файлы</Filter>
    </ClCompile>
    <ClCompile Include="agents\EngineAgent.cpp">
      <Filter>Исходные файлы</Filter>
    </ClCompile>
    <ClCompile Include="agents\FuelAgent.cpp">
      <Filter>Исходные файлы</Filter>
    </ClCompile>
    <ClCompile Include="agents\MessageBroker.cpp">
      <Filter>Исходные файлы</Filter>
    </ClCompile>
    <ClCompile Include="agents\TireAgent.cpp">
      <Filter>Исходные файлы</Filter>
    </ClCompile>
    <ClCompile Include="agents\TransmissionAgent.cpp">
      <Filter>Исходные файлы</Filter>
    </ClCompile>
    <ClCompile Include="brake\BrakeModel.cpp">
      <Filter>Исходные файлы</Filter>
    </ClCompile>
    <ClCompile Include="chassis\ChassisModel.cpp">
      <Filter>Исходные файлы</Filter>
    </ClCompile>
    <ClCompile Include="cooling\CoolingModel.cpp">
      <Filter>Исходные файлы</Filter>
    </ClCompile>
    <ClCompile Include="engine\EngineModel.cpp">
      <Filter>Исходные файлы</Filter>
    </ClCompile>
    <ClCompile Include="fuel\FuelSystemModel.cpp">
      <Filter>Исходные файлы</Filter>
    </ClCompile>
    <ClCompile Include="tires\TireModel.cpp">
      <Filter>Исходные файлы</Filter>
    </ClCompile>
    <ClCompile Include="transmission\TransmissionModel.cpp">
      <Filter>Исходные файлы</Filter>
    </ClCompile>
  </ItemGroup>
  <ItemGroup>
    <ClInclude Include="mas.h">
      <Filter>Файлы заголовков</Filter>
    </ClInclude>
    <ClInclude Include="imgui_app.h">
      <Filter>Файлы заголовков</Filter>
    </ClInclude>
    <ClInclude Include="agents\BaseAgent.h">
      <Filter>Файлы заголовков</Filter>
    </ClInclude>
    <ClInclude Include="agents\Blackboard.h">
      <Filter>Файлы заголовков</Filter>
    </ClInclude>
    <ClInclude Include="agents\BrakeAgent.h">
      <Filter>Файлы заголовков</Filter>
    </ClInclude>
    <ClInclude Include="agents\ChassisAgent.h">
      <Filter>Файлы заголовков</Filter>
    </ClInclude>
    <ClInclude Include="agents\CoolingAgent.h">
      <Filter>Файлы заголовков</Filter>
    </ClInclude>
    <ClInclude Include="agents\CoordinatorAgent.h">
      <Filter>Файлы заголовков</Filter>
    </ClInclude>
    <ClInclude Include="agents\EngineAgent.h">
      <Filter>Файлы заголовков</Filter>
    </ClInclude>
    <ClInclude Include="agents\FuelAgent.h">
      <Filter>Файлы заголовков</Filter>
    </ClInclude>
    <ClInclude Include="agents\MessageBroker.h">
      <Filter>Файлы заголовков</Filter>
    </ClInclude>
    <ClInclude Include="agents\TireAgent.h">
      <Filter>Файлы заголовков</Filter>
    </ClInclude>
    <ClInclude Include="agents\TransmissionAgent.h">
      <Filter>Файлы заголовков</Filter>
    </ClInclude>
    <ClInclude Include="brake\BrakeModel.h">
      <Filter>Файлы заголовков</Filter>
    </ClInclude>
    <ClInclude Include="chassis\ChassisModel.h">
      <Filter>Файлы заголовков</Filter>
    </ClInclude>
    <ClInclude Include="common\Types.h">
      <Filter>Файлы заголовков</Filter>
    </ClInclude>
    <ClInclude Include="cooling\CoolingModel.h">
      <Filter>Файлы заголовков</Filter>
    </ClInclude>
    <ClInclude Include="engine\EngineModel.h">
      <Filter>Файлы заголовков</Filter>
    </ClInclude>
    <ClInclude Include="fuel\FuelSystemModel.h">
      <Filter>Файлы заголовков</Filter>
    </ClInclude>
    <ClInclude Include="tires\TireModel.h">
      <Filter>Файлы заголовков</Filter>
    </ClInclude>
    <ClInclude Include="transmission\TransmissionModel.h">
      <Filter>Файлы заголовков</Filter>
    </ClInclude>
  </ItemGroup>
  <ItemGroup>
    <None Include=".gitignore" />
  </ItemGroup>
</Project>